
Microsoft Visual Studio Solution File, Format Version 12.00
# Visual Studio 15
VisualStudioVersion = 15.0.27428.2027
MinimumVisualStudioVersion = 10.0.40219.1
Project("{FAE04EC0-301F-11D3-BF4B-00C04F79EFBC}") = "Twitter-korean-text_sample", "Twitter-korean-text_sample\Twitter-korean-text_sample.csproj", "{525FBACE-25DA-4DB8-9F74-E8E896873ADB}"
EndProject
Global
	GlobalSection(SolutionConfigurationPlatforms) = preSolution
		Debug|Any CPU = Debug|Any CPU
		Release|Any CPU = Release|Any CPU
	EndGlobalSection
	GlobalSection(ProjectConfigurationPlatforms) = postSolution
		{525FBACE-25DA-4DB8-9F74-E8E896873ADB}.Debug|Any CPU.ActiveCfg = Debug|Any CPU
		{525FBACE-25DA-4DB8-9F74-E8E896873ADB}.Debug|Any CPU.Build.0 = Debug|Any CPU
		{525FBACE-25DA-4DB8-9F74-E8E896873ADB}.Release|Any CPU.ActiveCfg = Release|Any CPU
		{525FBACE-25DA-4DB8-9F74-E8E896873ADB}.Release|Any CPU.Build.0 = Release|Any CPU
	EndGlobalSection
	GlobalSection(SolutionProperties) = preSolution
		HideSolutionNode = FALSE
	EndGlobalSection
	GlobalSection(ExtensibilityGlobals) = postSolution
		SolutionGuid = {B731B563-48A1-4512-A5AB-D53CC448BC26}
	EndGlobalSection
EndGlobal
